
Microsoft Visual Studio Solution File, Format Version 12.00
# Visual Studio Version 16
VisualStudioVersion = 16.0.31112.23
MinimumVisualStudioVersion = 10.0.40219.1
Project("{FAE04EC0-301F-11D3-BF4B-00C04F79EFBC}") = "AsyncExample", "AsyncExample\AsyncExample.csproj", "{11AE0849-83E5-48DA-A3B4-4342F28BB080}"
EndProject
Global
	GlobalSection(SolutionConfigurationPlatforms) = preSolution
		Debug|Any CPU = Debug|Any CPU
		Release|Any CPU = Release|Any CPU
	EndGlobalSection
	GlobalSection(ProjectConfigurationPlatforms) = postSolution
		{11AE0849-83E5-48DA-A3B4-4342F28BB080}.Debug|Any CPU.ActiveCfg = Debug|Any CPU
		{11AE0849-83E5-48DA-A3B4-4342F28BB080}.Debug|Any CPU.Build.0 = Debug|Any CPU
		{11AE0849-83E5-48DA-A3B4-4342F28BB080}.Release|Any CPU.ActiveCfg = Release|Any CPU
		{11AE0849-83E5-48DA-A3B4-4342F28BB080}.Release|Any CPU.Build.0 = Release|Any CPU
	EndGlobalSection
	GlobalSection(SolutionProperties) = preSolution
		HideSolutionNode = FALSE
	EndGlobalSection
	GlobalSection(ExtensibilityGlobals) = postSolution
		SolutionGuid = {0CAB3EF6-F1CE-4A4A-872E-DE7D5E17EFCE}
	EndGlobalSection
EndGlobal
